
Microsoft Visual Studio Solution File, Format Version 12.00
# Visual Studio Version 16
VisualStudioVersion = 16.0.31624.102
MinimumVisualStudioVersion = 10.0.40219.1
Project("{8BC9CEB8-8B4A-11D0-8D11-00A0C91BC942}") = "MyGame", "MyGame\MyGame.vcxproj", "{9A5DC155-6F78-4C5A-9B32-BD05128A7008}"
EndProject
Project("{8BC9CEB8-8B4A-11D0-8D11-00A0C91BC942}") = "Protocol", "Protocol\Protocol.vcxproj", "{2DBD214B-BE23-4DC3-88A9-753AD7BA4A86}"
EndProject
Project("{8BC9CEB8-8B4A-11D0-8D11-00A0C91BC942}") = "glfw", "glfw\build\src\glfw.vcxproj", "{D837D6DB-7D82-3CA4-9C0F-C406ECEA3882}"
EndProject
Project("{8BC9CEB8-8B4A-11D0-8D11-00A0C91BC942}") = "stbi", "stbi\stbi.vcxproj", "{8DEFD9E4-AC8A-403C-BDFC-6875308ED87D}"
EndProject
Project("{8BC9CEB8-8B4A-11D0-8D11-00A0C91BC942}") = "glad", "glad\glad.vcxproj", "{B503F433-388F-4F66-A3CC-03A9AE5BE843}"
EndProject
Global
	GlobalSection(SolutionConfigurationPlatforms) = preSolution
		Debug|x64 = Debug|x64
		MinSizeRel|x64 = MinSizeRel|x64
		Release|x64 = Release|x64
		RelWithDebInfo|x64 = RelWithDebInfo|x64
	EndGlobalSection
	GlobalSection(ProjectConfigurationPlatforms) = postSolution
		{9A5DC155-6F78-4C5A-9B32-BD05128A7008}.Debug|x64.ActiveCfg = Debug|x64
		{9A5DC155-6F78-4C5A-9B32-BD05128A7008}.Debug|x64.Build.0 = Debug|x64
		{9A5DC155-6F78-4C5A-9B32-BD05128A7008}.MinSizeRel|x64.ActiveCfg = Release|x64
		{9A5DC155-6F78-4C5A-9B32-BD05128A7008}.MinSizeRel|x64.Build.0 = Release|x64
		{9A5DC155-6F78-4C5A-9B32-BD05128A7008}.Release|x64.ActiveCfg = Release|x64
		{9A5DC155-6F78-4C5A-9B32-BD05128A7008}.Release|x64.Build.0 = Release|x64
		{9A5DC155-6F78-4C5A-9B32-BD05128A7008}.RelWithDebInfo|x64.ActiveCfg = Release|x64
		{9A5DC155-6F78-4C5A-9B32-BD05128A7008}.RelWithDebInfo|x64.Build.0 = Release|x64
		{2DBD214B-BE23-4DC3-88A9-753AD7BA4A86}.Debug|x64.ActiveCfg = Debug|x64
		{2DBD214B-BE23-4DC3-88A9-753AD7BA4A86}.Debug|x64.Build.0 = Debug|x64
		{2DBD214B-BE23-4DC3-88A9-753AD7BA4A86}.MinSizeRel|x64.ActiveCfg = Release|x64
		{2DBD214B-BE23-4DC3-88A9-753AD7BA4A86}.MinSizeRel|x64.Build.0 = Release|x64
		{2DBD214B-BE23-4DC3-88A9-753AD7BA4A86}.Release|x64.ActiveCfg = Release|x64
		{2DBD214B-BE23-4DC3-88A9-753AD7BA4A86}.Release|x64.Build.0 = Release|x64
		{2DBD214B-BE23-4DC3-88A9-753AD7BA4A86}.RelWithDebInfo|x64.ActiveCfg = Release|x64
		{2DBD214B-BE23-4DC3-88A9-753AD7BA4A86}.RelWithDebInfo|x64.Build.0 = Release|x64
		{D837D6DB-7D82-3CA4-9C0F-C406ECEA3882}.Debug|x64.ActiveCfg = Debug|x64
		{D837D6DB-7D82-3CA4-9C0F-C406ECEA3882}.Debug|x64.Build.0 = Debug|x64
		{D837D6DB-7D82-3CA4-9C0F-C406ECEA3882}.MinSizeRel|x64.ActiveCfg = MinSizeRel|x64
		{D837D6DB-7D82-3CA4-9C0F-C406ECEA3882}.MinSizeRel|x64.Build.0 = MinSizeRel|x64
		{D837D6DB-7D82-3CA4-9C0F-C406ECEA3882}.Release|x64.ActiveCfg = Release|x64
		{D837D6DB-7D82-3CA4-9C0F-C406ECEA3882}.Release|x64.Build.0 = Release|x64
		{D837D6DB-7D82-3CA4-9C0F-C406ECEA3882}.RelWithDebInfo|x64.ActiveCfg = RelWithDebInfo|x64
		{D837D6DB-7D82-3CA4-9C0F-C406ECEA3882}.RelWithDebInfo|x64.Build.0 = RelWithDebInfo|x64
		{8DEFD9E4-AC8A-403C-BDFC-6875308ED87D}.Debug|x64.ActiveCfg = Debug|x64
		{8DEFD9E4-AC8A-403C-BDFC-6875308ED87D}.Debug|x64.Build.0 = Debug|x64
		{8DEFD9E4-AC8A-403C-BDFC-6875308ED87D}.MinSizeRel|x64.ActiveCfg = Debug|x64
		{8DEFD9E4-AC8A-403C-BDFC-6875308ED87D}.MinSizeRel|x64.Build.0 = Debug|x64
		{8DEFD9E4-AC8A-403C-BDFC-6875308ED87D}.Release|x64.ActiveCfg = Release|x64
		{8DEFD9E4-AC8A-403C-BDFC-6875308ED87D}.Release|x64.Build.0 = Release|x64
		{8DEFD9E4-AC8A-403C-BDFC-6875308ED87D}.RelWithDebInfo|x64.ActiveCfg = Release|x64
		{8DEFD9E4-AC8A-403C-BDFC-6875308ED87D}.RelWithDebInfo|x64.Build.0 = Release|x64
		{B503F433-388F-4F66-A3CC-03A9AE5BE843}.Debug|x64.ActiveCfg = Debug|x64
		{B503F433-388F-4F66-A3CC-03A9AE5BE843}.Debug|x64.Build.0 = Debug|x64
		{B503F433-388F-4F66-A3CC-03A9AE5BE843}.MinSizeRel|x64.ActiveCfg = Debug|x64
		{B503F433-388F-4F66-A3CC-03A9AE5BE843}.MinSizeRel|x64.Build.0 = Debug|x64
		{B503F433-388F-4F66-A3CC-03A9AE5BE843}.Release|x64.ActiveCfg = Release|x64
		{B503F433-388F-4F66-A3CC-03A9AE5BE843}.Release|x64.Build.0 = Release|x64
		{B503F433-388F-4F66-A3CC-03A9AE5BE843}.RelWithDebInfo|x64.ActiveCfg = Release|x64
		{B503F433-388F-4F66-A3CC-03A9AE5BE843}.RelWithDebInfo|x64.Build.0 = Release|x64
	EndGlobalSection
	GlobalSection(SolutionProperties) = preSolution
		HideSolutionNode = FALSE
	EndGlobalSection
	GlobalSection(ExtensibilityGlobals) = postSolution
		SolutionGuid = {3572B4E5-138E-4F40-A04F-3FB9F87CB0BD}
	EndGlobalSection
EndGlobal
